
Microsoft Visual Studio Solution File, Format Version 12.00
# Visual Studio Version 17
VisualStudioVersion = 17.5.33516.290
MinimumVisualStudioVersion = 10.0.40219.1
Project("{FAE04EC0-301F-11D3-BF4B-00C04F79EFBC}") = "PrestamosNordestanaApp", "PrestamosNordestanaApp\PrestamosNordestanaApp.csproj", "{FDE6B16F-AB83-4A67-940E-9930D463300B}"
EndProject
Global
	GlobalSection(SolutionConfigurationPlatforms) = preSolution
		Debug|Any CPU = Debug|Any CPU
		Release|Any CPU = Release|Any CPU
	EndGlobalSection
	GlobalSection(ProjectConfigurationPlatforms) = postSolution
		{FDE6B16F-AB83-4A67-940E-9930D463300B}.Debug|Any CPU.ActiveCfg = Debug|Any CPU
		{FDE6B16F-AB83-4A67-940E-9930D463300B}.Debug|Any CPU.Build.0 = Debug|Any CPU
		{FDE6B16F-AB83-4A67-940E-9930D463300B}.Release|Any CPU.ActiveCfg = Release|Any CPU
		{FDE6B16F-AB83-4A67-940E-9930D463300B}.Release|Any CPU.Build.0 = Release|Any CPU
	EndGlobalSection
	GlobalSection(SolutionProperties) = preSolution
		HideSolutionNode = FALSE
	EndGlobalSection
	GlobalSection(ExtensibilityGlobals) = postSolution
		SolutionGuid = {84E42EDD-92D8-4D10-B965-40F529380177}
	EndGlobalSection
EndGlobal
